{
  "version": 4,
  "terraform_version": "1.9.4",
  "serial": 1,
  "lineage": "3cc6097b-22fb-99a7-285c-16d037d75b3b",
  "outputs": {},
  "resources": [
    {
      "mode": "managed",
      "type": "spotify_playlist",
      "name": "Devotional",
      "provider": "provider[\"registry.terraform.io/conradludgate/spotify\"]",
      "instances": [
        {
          "schema_version": 0,
          "attributes": {
            "description": null,
            "id": "4phO59g16RgEmkdE4OtXgB",
            "name": "Devotional",
            "public": true,
            "snapshot_id": "AAAAAgOzvVlGJBsJRvsCxT9b98BA4FK5",
            "tracks": [
              "5pfCT1UcILp1HtgzS7EPpE"
            ]
          },
          "sensitive_attributes": [],
          "private": "bnVsbA=="
        }
      ]
    }
  ],
  "check_results": null
}
